{
  "name": "project",
  "lockfileVersion": 2,
  "requires": true,
  "packages": {
    "": {
      "dependencies": {
        "project": "^0.1.6"
      }
    },
    "node_modules/project": {
      "version": "0.1.6",
      "resolved": "https://registry.npmjs.org/project/-/project-0.1.6.tgz",
      "integrity": "sha1-Hnx1dLafCkuxGr23P5vNg1SNGsk=",
      "bin": {
        "project": "bin/project"
      },
      "engines": {
        "node": "*"
      }
    }
  },
  "dependencies": {
    "project": {
      "version": "0.1.6",
      "resolved": "https://registry.npmjs.org/project/-/project-0.1.6.tgz",
      "integrity": "sha1-Hnx1dLafCkuxGr23P5vNg1SNGsk="
    }
  }
}
